// !$*UTF8*$!
{
	archiveVersion = 1;
	classes = {
	};
	objectVersion = 50;
	objects = {

/* Begin PBXBuildFile section */
		D9C24FE126DD2C2400EC6022 /* AppDelegate.swift in Sources */ = {isa = PBXBuildFile; fileRef = D9C24FE026DD2C2400EC6022 /* AppDelegate.swift */; };
		D9C24FE326DD2C2400EC6022 /* SceneDelegate.swift in Sources */ = {isa = PBXBuildFile; fileRef = D9C24FE226DD2C2400EC6022 /* SceneDelegate.swift */; };
		D9C24FE526DD2C2400EC6022 /* ViewController.swift in Sources */ = {isa = PBXBuildFile; fileRef = D9C24FE426DD2C2400EC6022 /* ViewController.swift */; };
		D9C24FE826DD2C2400EC6022 /* Main.storyboard in Resources */ = {isa = PBXBuildFile; fileRef = D9C24FE626DD2C2400EC6022 /* Main.storyboard */; };
		D9C24FEA26DD2C2500EC6022 /* Assets.xcassets in Resources */ = {isa = PBXBuildFile; fileRef = D9C24FE926DD2C2500EC6022 /* Assets.xcassets */; };
		D9C24FED26DD2C2500EC6022 /* LaunchScreen.storyboard in Resources */ = {isa = PBXBuildFile; fileRef = D9C24FEB26DD2C2500EC6022 /* LaunchScreen.storyboard */; };
		D9C24FF826DD2C2500EC6022 /* IoSProjectTests.swift in Sources */ = {isa = PBXBuildFile; fileRef = D9C24FF726DD2C2500EC6022 /* IoSProjectTests.swift */; };
		D9C2500326DD2C2500EC6022 /* IoSProjectUITests.swift in Sources */ = {isa = PBXBuildFile; fileRef = D9C2500226DD2C2500EC6022 /* IoSProjectUITests.swift */; };
/* End PBXBuildFile section */

/* Begin PBXContainerItemProxy section */
		D9C24FF426DD2C2500EC6022 /* PBXContainerItemProxy */ = {
			isa = PBXContainerItemProxy;
			containerPortal = D9C24FD526DD2C2400EC6022 /* Project object */;
			proxyType = 1;
			remoteGlobalIDString = D9C24FDC26DD2C2400EC6022;
			remoteInfo = IoSProject;
		};
		D9C24FFF26DD2C2500EC6022 /* PBXContainerItemProxy */ = {
			isa = PBXContainerItemProxy;
			containerPortal = D9C24FD526DD2C2400EC6022 /* Project object */;
			proxyType = 1;
			remoteGlobalIDString = D9C24FDC26DD2C2400EC6022;
			remoteInfo = IoSProject;
		};
/* End PBXContainerItemProxy section */

/* Begin PBXFileReference section */
		D9C24FDD26DD2C2400EC6022 /* IoSProject.app */ = {isa = PBXFileReference; explicitFileType = wrapper.application; includeInIndex = 0; path = IoSProject.app; sourceTree = BUILT_PRODUCTS_DIR; };
		D9C24FE026DD2C2400EC6022 /* AppDelegate.swift */ = {isa = PBXFileReference; lastKnownFileType = sourcecode.swift; path = AppDelegate.swift; sourceTree = "<group>"; };
		D9C24FE226DD2C2400EC6022 /* SceneDelegate.swift */ = {isa = PBXFileReference; lastKnownFileType = sourcecode.swift; path = SceneDelegate.swift; sourceTree = "<group>"; };
		D9C24FE426DD2C2400EC6022 /* ViewController.swift */ = {isa = PBXFileReference; lastKnownFileType = sourcecode.swift; path = ViewController.swift; sourceTree = "<group>"; };
		D9C24FE726DD2C2400EC6022 /* Base */ = {isa = PBXFileReference; lastKnownFileType = file.storyboard; name = Base; path = Base.lproj/Main.storyboard; sourceTree = "<group>"; };
		D9C24FE926DD2C2500EC6022 /* Assets.xcassets */ = {isa = PBXFileReference; lastKnownFileType = folder.assetcatalog; path = Assets.xcassets; sourceTree = "<group>"; };
		D9C24FEC26DD2C2500EC6022 /* Base */ = {isa = PBXFileReference; lastKnownFileType = file.storyboard; name = Base; path = Base.lproj/LaunchScreen.storyboard; sourceTree = "<group>"; };
		D9C24FEE26DD2C2500EC6022 /* Info.plist */ = {isa = PBXFileReference; lastKnownFileType = text.plist.xml; path = Info.plist; sourceTree = "<group>"; };
		D9C24FF326DD2C2500EC6022 /* IoSProjectTests.xctest */ = {isa = PBXFileReference; explicitFileType = wrapper.cfbundle; includeInIndex = 0; path = IoSProjectTests.xctest; sourceTree = BUILT_PRODUCTS_DIR; };
		D9C24FF726DD2C2500EC6022 /* IoSProjectTests.swift */ = {isa = PBXFileReference; lastKnownFileType = sourcecode.swift; path = IoSProjectTests.swift; sourceTree = "<group>"; };
		D9C24FF926DD2C2500EC6022 /* Info.plist */ = {isa = PBXFileReference; lastKnownFileType = text.plist.xml; path = Info.plist; sourceTree = "<group>"; };
		D9C24FFE26DD2C2500EC6022 /* IoSProjectUITests.xctest */ = {isa = PBXFileReference; explicitFileType = wrapper.cfbundle; includeInIndex = 0; path = IoSProjectUITests.xctest; sourceTree = BUILT_PRODUCTS_DIR; };
		D9C2500226DD2C2500EC6022 /* IoSProjectUITests.swift */ = {isa = PBXFileReference; lastKnownFileType = sourcecode.swift; path = IoSProjectUITests.swift; sourceTree = "<group>"; };
		D9C2500426DD2C2500EC6022 /* Info.plist */ = {isa = PBXFileReference; lastKnownFileType = text.plist.xml; path = Info.plist; sourceTree = "<group>"; };
/* End PBXFileReference section */

/* Begin PBXFrameworksBuildPhase section */
		D9C24FDA26DD2C2400EC6022 /* Frameworks */ = {
			isa = PBXFrameworksBuildPhase;
			buildActionMask = 2147483647;
			files = (
			);
			runOnlyForDeploymentPostprocessing = 0;
		};
		D9C24FF026DD2C2500EC6022 /* Frameworks */ = {
			isa = PBXFrameworksBuildPhase;
			buildActionMask = 2147483647;
			files = (
			);
			runOnlyForDeploymentPostprocessing = 0;
		};
		D9C24FFB26DD2C2500EC6022 /* Frameworks */ = {
			isa = PBXFrameworksBuildPhase;
			buildActionMask = 2147483647;
			files = (
			);
			runOnlyForDeploymentPostprocessing = 0;
		};
/* End PBXFrameworksBuildPhase section */

/* Begin PBXGroup section */
		D9C24FD426DD2C2400EC6022 = {
			isa = PBXGroup;
			children = (
				D9C24FDF26DD2C2400EC6022 /* IoSProject */,
				D9C24FF626DD2C2500EC6022 /* IoSProjectTests */,
				D9C2500126DD2C2500EC6022 /* IoSProjectUITests */,
				D9C24FDE26DD2C2400EC6022 /* Products */,
			);
			sourceTree = "<group>";
		};
		D9C24FDE26DD2C2400EC6022 /* Products */ = {
			isa = PBXGroup;
			children = (
				D9C24FDD26DD2C2400EC6022 /* IoSProject.app */,
				D9C24FF326DD2C2500EC6022 /* IoSProjectTests.xctest */,
				D9C24FFE26DD2C2500EC6022 /* IoSProjectUITests.xctest */,
			);
			name = Products;
			sourceTree = "<group>";
		};
		D9C24FDF26DD2C2400EC6022 /* IoSProject */ = {
			isa = PBXGroup;
			children = (
				D9C24FE026DD2C2400EC6022 /* AppDelegate.swift */,
				D9C24FE226DD2C2400EC6022 /* SceneDelegate.swift */,
				D9C24FE426DD2C2400EC6022 /* ViewController.swift */,
				D9C24FE626DD2C2400EC6022 /* Main.storyboard */,
				D9C24FE926DD2C2500EC6022 /* Assets.xcassets */,
				D9C24FEB26DD2C2500EC6022 /* LaunchScreen.storyboard */,
				D9C24FEE26DD2C2500EC6022 /* Info.plist */,
			);
			path = IoSProject;
			sourceTree = "<group>";
		};
		D9C24FF626DD2C2500EC6022 /* IoSProjectTests */ = {
			isa = PBXGroup;
			children = (
				D9C24FF726DD2C2500EC6022 /* IoSProjectTests.swift */,
				D9C24FF926DD2C2500EC6022 /* Info.plist */,
			);
			path = IoSProjectTests;
			sourceTree = "<group>";
		};
		D9C2500126DD2C2500EC6022 /* IoSProjectUITests */ = {
			isa = PBXGroup;
			children = (
				D9C2500226DD2C2500EC6022 /* IoSProjectUITests.swift */,
				D9C2500426DD2C2500EC6022 /* Info.plist */,
			);
			path = IoSProjectUITests;
			sourceTree = "<group>";
		};
/* End PBXGroup section */

/* Begin PBXNativeTarget section */
		D9C24FDC26DD2C2400EC6022 /* IoSProject */ = {
			isa = PBXNativeTarget;
			buildConfigurationList = D9C2500726DD2C2500EC6022 /* Build configuration list for PBXNativeTarget "IoSProject" */;
			buildPhases = (
				D9C24FD926DD2C2400EC6022 /* Sources */,
				D9C24FDA26DD2C2400EC6022 /* Frameworks */,
				D9C24FDB26DD2C2400EC6022 /* Resources */,
			);
			buildRules = (
			);
			dependencies = (
			);
			name = IoSProject;
			productName = IoSProject;
			productReference = D9C24FDD26DD2C2400EC6022 /* IoSProject.app */;
			productType = "com.apple.product-type.application";
		};
		D9C24FF226DD2C2500EC6022 /* IoSProjectTests */ = {
			isa = PBXNativeTarget;
			buildConfigurationList = D9C2500A26DD2C2500EC6022 /* Build configuration list for PBXNativeTarget "IoSProjectTests" */;
			buildPhases = (
				D9C24FEF26DD2C2500EC6022 /* Sources */,
				D9C24FF026DD2C2500EC6022 /* Frameworks */,
				D9C24FF126DD2C2500EC6022 /* Resources */,
			);
			buildRules = (
			);
			dependencies = (
				D9C24FF526DD2C2500EC6022 /* PBXTargetDependency */,
			);
			name = IoSProjectTests;
			productName = IoSProjectTests;
			productReference = D9C24FF326DD2C2500EC6022 /* IoSProjectTests.xctest */;
			productType = "com.apple.product-type.bundle.unit-test";
		};
		D9C24FFD26DD2C2500EC6022 /* IoSProjectUITests */ = {
			isa = PBXNativeTarget;
			buildConfigurationList = D9C2500D26DD2C2500EC6022 /* Build configuration list for PBXNativeTarget "IoSProjectUITests" */;
			buildPhases = (
				D9C24FFA26DD2C2500EC6022 /* Sources */,
				D9C24FFB26DD2C2500EC6022 /* Frameworks */,
				D9C24FFC26DD2C2500EC6022 /* Resources */,
			);
			buildRules = (
			);
			dependencies = (
				D9C2500026DD2C2500EC6022 /* PBXTargetDependency */,
			);
			name = IoSProjectUITests;
			productName = IoSProjectUITests;
			productReference = D9C24FFE26DD2C2500EC6022 /* IoSProjectUITests.xctest */;
			productType = "com.apple.product-type.bundle.ui-testing";
		};
/* End PBXNativeTarget section */

/* Begin PBXProject section */
		D9C24FD526DD2C2400EC6022 /* Project object */ = {
			isa = PBXProject;
			attributes = {
				LastSwiftUpdateCheck = 1220;
				LastUpgradeCheck = 1220;
				TargetAttributes = {
					D9C24FDC26DD2C2400EC6022 = {
						CreatedOnToolsVersion = 12.2;
					};
					D9C24FF226DD2C2500EC6022 = {
						CreatedOnToolsVersion = 12.2;
						TestTargetID = D9C24FDC26DD2C2400EC6022;
					};
					D9C24FFD26DD2C2500EC6022 = {
						CreatedOnToolsVersion = 12.2;
						TestTargetID = D9C24FDC26DD2C2400EC6022;
					};
				};
			};
			buildConfigurationList = D9C24FD826DD2C2400EC6022 /* Build configuration list for PBXProject "IoSProject" */;
			compatibilityVersion = "Xcode 9.3";
			developmentRegion = en;
			hasScannedForEncodings = 0;
			knownRegions = (
				en,
				Base,
			);
			mainGroup = D9C24FD426DD2C2400EC6022;
			productRefGroup = D9C24FDE26DD2C2400EC6022 /* Products */;
			projectDirPath = "";
			projectRoot = "";
			targets = (
				D9C24FDC26DD2C2400EC6022 /* IoSProject */,
				D9C24FF226DD2C2500EC6022 /* IoSProjectTests */,
				D9C24FFD26DD2C2500EC6022 /* IoSProjectUITests */,
			);
		};
/* End PBXProject section */

/* Begin PBXResourcesBuildPhase section */
		D9C24FDB26DD2C2400EC6022 /* Resources */ = {
			isa = PBXResourcesBuildPhase;
			buildActionMask = 2147483647;
			files = (
				D9C24FED26DD2C2500EC6022 /* LaunchScreen.storyboard in Resources */,
				D9C24FEA26DD2C2500EC6022 /* Assets.xcassets in Resources */,
				D9C24FE826DD2C2400EC6022 /* Main.storyboard in Resources */,
			);
			runOnlyForDeploymentPostprocessing = 0;
		};
		D9C24FF126DD2C2500EC6022 /* Resources */ = {
			isa = PBXResourcesBuildPhase;
			buildActionMask = 2147483647;
			files = (
			);
			runOnlyForDeploymentPostprocessing = 0;
		};
		D9C24FFC26DD2C2500EC6022 /* Resources */ = {
			isa = PBXResourcesBuildPhase;
			buildActionMask = 2147483647;
			files = (
			);
			runOnlyForDeploymentPostprocessing = 0;
		};
/* End PBXResourcesBuildPhase section */

/* Begin PBXSourcesBuildPhase section */
		D9C24FD926DD2C2400EC6022 /* Sources */ = {
			isa = PBXSourcesBuildPhase;
			buildActionMask = 2147483647;
			files = (
				D9C24FE526DD2C2400EC6022 /* ViewController.swift in Sources */,
				D9C24FE126DD2C2400EC6022 /* AppDelegate.swift in Sources */,
				D9C24FE326DD2C2400EC6022 /* SceneDelegate.swift in Sources */,
			);
			runOnlyForDeploymentPostprocessing = 0;
		};
		D9C24FEF26DD2C2500EC6022 /* Sources */ = {
			isa = PBXSourcesBuildPhase;
			buildActionMask = 2147483647;
			files = (
				D9C24FF826DD2C2500EC6022 /* IoSProjectTests.swift in Sources */,
			);
			runOnlyForDeploymentPostprocessing = 0;
		};
		D9C24FFA26DD2C2500EC6022 /* Sources */ = {
			isa = PBXSourcesBuildPhase;
			buildActionMask = 2147483647;
			files = (
				D9C2500326DD2C2500EC6022 /* IoSProjectUITests.swift in Sources */,
			);
			runOnlyForDeploymentPostprocessing = 0;
		};
/* End PBXSourcesBuildPhase section */

/* Begin PBXTargetDependency section */
		D9C24FF526DD2C2500EC6022 /* PBXTargetDependency */ = {
			isa = PBXTargetDependency;
			target = D9C24FDC26DD2C2400EC6022 /* IoSProject */;
			targetProxy = D9C24FF426DD2C2500EC6022 /* PBXContainerItemProxy */;
		};
		D9C2500026DD2C2500EC6022 /* PBXTargetDependency */ = {
			isa = PBXTargetDependency;
			target = D9C24FDC26DD2C2400EC6022 /* IoSProject */;
			targetProxy = D9C24FFF26DD2C2500EC6022 /* PBXContainerItemProxy */;
		};
/* End PBXTargetDependency section */

/* Begin PBXVariantGroup section */
		D9C24FE626DD2C2400EC6022 /* Main.storyboard */ = {
			isa = PBXVariantGroup;
			children = (
				D9C24FE726DD2C2400EC6022 /* Base */,
			);
			name = Main.storyboard;
			sourceTree = "<group>";
		};
		D9C24FEB26DD2C2500EC6022 /* LaunchScreen.storyboard */ = {
			isa = PBXVariantGroup;
			children = (
				D9C24FEC26DD2C2500EC6022 /* Base */,
			);
			name = LaunchScreen.storyboard;
			sourceTree = "<group>";
		};
/* End PBXVariantGroup section */

/* Begin XCBuildConfiguration section */
		D9C2500526DD2C2500EC6022 /* Debug */ = {
			isa = XCBuildConfiguration;
			buildSettings = {
				ALWAYS_SEARCH_USER_PATHS = NO;
				CLANG_ANALYZER_NONNULL = YES;
				CLANG_ANALYZER_NUMBER_OBJECT_CONVERSION = YES_AGGRESSIVE;
				CLANG_CXX_LANGUAGE_STANDARD = "gnu++14";
				CLANG_CXX_LIBRARY = "libc++";
				CLANG_ENABLE_MODULES = YES;
				CLANG_ENABLE_OBJC_ARC = YES;
				CLANG_ENABLE_OBJC_WEAK = YES;
				CLANG_WARN_BLOCK_CAPTURE_AUTORELEASING = YES;
				CLANG_WARN_BOOL_CONVERSION = YES;
				CLANG_WARN_COMMA = YES;
				CLANG_WARN_CONSTANT_CONVERSION = YES;
				CLANG_WARN_DEPRECATED_OBJC_IMPLEMENTATIONS = YES;
				CLANG_WARN_DIRECT_OBJC_ISA_USAGE = YES_ERROR;
				CLANG_WARN_DOCUMENTATION_COMMENTS = YES;
				CLANG_WARN_EMPTY_BODY = YES;
				CLANG_WARN_ENUM_CONVERSION = YES;
				CLANG_WARN_INFINITE_RECURSION = YES;
				CLANG_WARN_INT_CONVERSION = YES;
				CLANG_WARN_NON_LITERAL_NULL_CONVERSION = YES;
				CLANG_WARN_OBJC_IMPLICIT_RETAIN_SELF = YES;
				CLANG_WARN_OBJC_LITERAL_CONVERSION = YES;
				CLANG_WARN_OBJC_ROOT_CLASS = YES_ERROR;
				CLANG_WARN_QUOTED_INCLUDE_IN_FRAMEWORK_HEADER = YES;
				CLANG_WARN_RANGE_LOOP_ANALYSIS = YES;
				CLANG_WARN_STRICT_PROTOTYPES = YES;
				CLANG_WARN_SUSPICIOUS_MOVE = YES;
				CLANG_WARN_UNGUARDED_AVAILABILITY = YES_AGGRESSIVE;
				CLANG_WARN_UNREACHABLE_CODE = YES;
				CLANG_WARN__DUPLICATE_METHOD_MATCH = YES;
				COPY_PHASE_STRIP = NO;
				DEBUG_INFORMATION_FORMAT = dwarf;
				ENABLE_STRICT_OBJC_MSGSEND = YES;
				ENABLE_TESTABILITY = YES;
				GCC_C_LANGUAGE_STANDARD = gnu11;
				GCC_DYNAMIC_NO_PIC = NO;
				GCC_NO_COMMON_BLOCKS = YES;
				GCC_OPTIMIZATION_LEVEL = 0;
				GCC_PREPROCESSOR_DEFINITIONS = (
					"DEBUG=1",
					"$(inherited)",
				);
				GCC_WARN_64_TO_32_BIT_CONVERSION = YES;
				GCC_WARN_ABOUT_RETURN_TYPE = YES_ERROR;
				GCC_WARN_UNDECLARED_SELECTOR = YES;
				GCC_WARN_UNINITIALIZED_AUTOS = YES_AGGRESSIVE;
				GCC_WARN_UNUSED_FUNCTION = YES;
				GCC_WARN_UNUSED_VARIABLE = YES;
				IPHONEOS_DEPLOYMENT_TARGET = 14.2;
				MTL_ENABLE_DEBUG_INFO = INCLUDE_SOURCE;
				MTL_FAST_MATH = YES;
				ONLY_ACTIVE_ARCH = YES;
				SDKROOT = iphoneos;
				SWIFT_ACTIVE_COMPILATION_CONDITIONS = DEBUG;
				SWIFT_OPTIMIZATION_LEVEL = "-Onone";
			};
			name = Debug;
		};
		D9C2500626DD2C2500EC6022 /* Release */ = {
			isa = XCBuildConfiguration;
			buildSettings = {
				ALWAYS_SEARCH_USER_PATHS = NO;
				CLANG_ANALYZER_NONNULL = YES;
				CLANG_ANALYZER_NUMBER_OBJECT_CONVERSION = YES_AGGRESSIVE;
				CLANG_CXX_LANGUAGE_STANDARD = "gnu++14";
				CLANG_CXX_LIBRARY = "libc++";
				CLANG_ENABLE_MODULES = YES;
				CLANG_ENABLE_OBJC_ARC = YES;
				CLANG_ENABLE_OBJC_WEAK = YES;
				CLANG_WARN_BLOCK_CAPTURE_AUTORELEASING = YES;
				CLANG_WARN_BOOL_CONVERSION = YES;
				CLANG_WARN_COMMA = YES;
				CLANG_WARN_CONSTANT_CONVERSION = YES;
				CLANG_WARN_DEPRECATED_OBJC_IMPLEMENTATIONS = YES;
				CLANG_WARN_DIRECT_OBJC_ISA_USAGE = YES_ERROR;
				CLANG_WARN_DOCUMENTATION_COMMENTS = YES;
				CLANG_WARN_EMPTY_BODY = YES;
				CLANG_WARN_ENUM_CONVERSION = YES;
				CLANG_WARN_INFINITE_RECURSION = YES;
				CLANG_WARN_INT_CONVERSION = YES;
				CLANG_WARN_NON_LITERAL_NULL_CONVERSION = YES;
				CLANG_WARN_OBJC_IMPLICIT_RETAIN_SELF = YES;
				CLANG_WARN_OBJC_LITERAL_CONVERSION = YES;
				CLANG_WARN_OBJC_ROOT_CLASS = YES_ERROR;
				CLANG_WARN_QUOTED_INCLUDE_IN_FRAMEWORK_HEADER = YES;
				CLANG_WARN_RANGE_LOOP_ANALYSIS = YES;
				CLANG_WARN_STRICT_PROTOTYPES = YES;
				CLANG_WARN_SUSPICIOUS_MOVE = YES;
				CLANG_WARN_UNGUARDED_AVAILABILITY = YES_AGGRESSIVE;
				CLANG_WARN_UNREACHABLE_CODE = YES;
				CLANG_WARN__DUPLICATE_METHOD_MATCH = YES;
				COPY_PHASE_STRIP = NO;
				DEBUG_INFORMATION_FORMAT = "dwarf-with-dsym";
				ENABLE_NS_ASSERTIONS = NO;
				ENABLE_STRICT_OBJC_MSGSEND = YES;
				GCC_C_LANGUAGE_STANDARD = gnu11;
				GCC_NO_COMMON_BLOCKS = YES;
				GCC_WARN_64_TO_32_BIT_CONVERSION = YES;
				GCC_WARN_ABOUT_RETURN_TYPE = YES_ERROR;
				GCC_WARN_UNDECLARED_SELECTOR = YES;
				GCC_WARN_UNINITIALIZED_AUTOS = YES_AGGRESSIVE;
				GCC_WARN_UNUSED_FUNCTION = YES;
				GCC_WARN_UNUSED_VARIABLE = YES;
				IPHONEOS_DEPLOYMENT_TARGET = 14.2;
				MTL_ENABLE_DEBUG_INFO = NO;
				MTL_FAST_MATH = YES;
				SDKROOT = iphoneos;
				SWIFT_COMPILATION_MODE = wholemodule;
				SWIFT_OPTIMIZATION_LEVEL = "-O";
				VALIDATE_PRODUCT = YES;
			};
			name = Release;
		};
		D9C2500826DD2C2500EC6022 /* Debug */ = {
			isa = XCBuildConfiguration;
			buildSettings = {
				ASSETCATALOG_COMPILER_APPICON_NAME = AppIcon;
				ASSETCATALOG_COMPILER_GLOBAL_ACCENT_COLOR_NAME = AccentColor;
				CODE_SIGN_STYLE = Automatic;
				INFOPLIST_FILE = IoSProject/Info.plist;
				LD_RUNPATH_SEARCH_PATHS = (
					"$(inherited)",
					"@executable_path/Frameworks",
				);
				PRODUCT_BUNDLE_IDENTIFIER = com.bengi.IoSProject;
				PRODUCT_NAME = "$(TARGET_NAME)";
				SWIFT_VERSION = 5.0;
				TARGETED_DEVICE_FAMILY = "1,2";
			};
			name = Debug;
		};
		D9C2500926DD2C2500EC6022 /* Release */ = {
			isa = XCBuildConfiguration;
			buildSettings = {
				ASSETCATALOG_COMPILER_APPICON_NAME = AppIcon;
				ASSETCATALOG_COMPILER_GLOBAL_ACCENT_COLOR_NAME = AccentColor;
				CODE_SIGN_STYLE = Automatic;
				INFOPLIST_FILE = IoSProject/Info.plist;
				LD_RUNPATH_SEARCH_PATHS = (
					"$(inherited)",
					"@executable_path/Frameworks",
				);
				PRODUCT_BUNDLE_IDENTIFIER = com.bengi.IoSProject;
				PRODUCT_NAME = "$(TARGET_NAME)";
				SWIFT_VERSION = 5.0;
				TARGETED_DEVICE_FAMILY = "1,2";
			};
			name = Release;
		};
		D9C2500B26DD2C2500EC6022 /* Debug */ = {
			isa = XCBuildConfiguration;
			buildSettings = {
				ALWAYS_EMBED_SWIFT_STANDARD_LIBRARIES = YES;
				BUNDLE_LOADER = "$(TEST_HOST)";
				CODE_SIGN_STYLE = Automatic;
				INFOPLIST_FILE = IoSProjectTests/Info.plist;
				IPHONEOS_DEPLOYMENT_TARGET = 14.2;
				LD_RUNPATH_SEARCH_PATHS = (
					"$(inherited)",
					"@executable_path/Frameworks",
					"@loader_path/Frameworks",
				);
				PRODUCT_BUNDLE_IDENTIFIER = com.bengi.IoSProjectTests;
				PRODUCT_NAME = "$(TARGET_NAME)";
				SWIFT_VERSION = 5.0;
				TARGETED_DEVICE_FAMILY = "1,2";
				TEST_HOST = "$(BUILT_PRODUCTS_DIR)/IoSProject.app/IoSProject";
			};
			name = Debug;
		};
		D9C2500C26DD2C2500EC6022 /* Release */ = {
			isa = XCBuildConfiguration;
			buildSettings = {
				ALWAYS_EMBED_SWIFT_STANDARD_LIBRARIES = YES;
				BUNDLE_LOADER = "$(TEST_HOST)";
				CODE_SIGN_STYLE = Automatic;
				INFOPLIST_FILE = IoSProjectTests/Info.plist;
				IPHONEOS_DEPLOYMENT_TARGET = 14.2;
				LD_RUNPATH_SEARCH_PATHS = (
					"$(inherited)",
					"@executable_path/Frameworks",
					"@loader_path/Frameworks",
				);
				PRODUCT_BUNDLE_IDENTIFIER = com.bengi.IoSProjectTests;
				PRODUCT_NAME = "$(TARGET_NAME)";
				SWIFT_VERSION = 5.0;
				TARGETED_DEVICE_FAMILY = "1,2";
				TEST_HOST = "$(BUILT_PRODUCTS_DIR)/IoSProject.app/IoSProject";
			};
			name = Release;
		};
		D9C2500E26DD2C2500EC6022 /* Debug */ = {
			isa = XCBuildConfiguration;
			buildSettings = {
				ALWAYS_EMBED_SWIFT_STANDARD_LIBRARIES = YES;
				CODE_SIGN_STYLE = Automatic;
				INFOPLIST_FILE = IoSProjectUITests/Info.plist;
				LD_RUNPATH_SEARCH_PATHS = (
					"$(inherited)",
					"@executable_path/Frameworks",
					"@loader_path/Frameworks",
				);
				PRODUCT_BUNDLE_IDENTIFIER = com.bengi.IoSProjectUITests;
				PRODUCT_NAME = "$(TARGET_NAME)";
				SWIFT_VERSION = 5.0;
				TARGETED_DEVICE_FAMILY = "1,2";
				TEST_TARGET_NAME = IoSProject;
			};
			name = Debug;
		};
		D9C2500F26DD2C2500EC6022 /* Release */ = {
			isa = XCBuildConfiguration;
			buildSettings = {
				ALWAYS_EMBED_SWIFT_STANDARD_LIBRARIES = YES;
				CODE_SIGN_STYLE = Automatic;
				INFOPLIST_FILE = IoSProjectUITests/Info.plist;
				LD_RUNPATH_SEARCH_PATHS = (
					"$(inherited)",
					"@executable_path/Frameworks",
					"@loader_path/Frameworks",
				);
				PRODUCT_BUNDLE_IDENTIFIER = com.bengi.IoSProjectUITests;
				PRODUCT_NAME = "$(TARGET_NAME)";
				SWIFT_VERSION = 5.0;
				TARGETED_DEVICE_FAMILY = "1,2";
				TEST_TARGET_NAME = IoSProject;
			};
			name = Release;
		};
/* End XCBuildConfiguration section */

/* Begin XCConfigurationList section */
		D9C24FD826DD2C2400EC6022 /* Build configuration list for PBXProject "IoSProject" */ = {
			isa = XCConfigurationList;
			buildConfigurations = (
				D9C2500526DD2C2500EC6022 /* Debug */,
				D9C2500626DD2C2500EC6022 /* Release */,
			);
			defaultConfigurationIsVisible = 0;
			defaultConfigurationName = Release;
		};
		D9C2500726DD2C2500EC6022 /* Build configuration list for PBXNativeTarget "IoSProject" */ = {
			isa = XCConfigurationList;
			buildConfigurations = (
				D9C2500826DD2C2500EC6022 /* Debug */,
				D9C2500926DD2C2500EC6022 /* Release */,
			);
			defaultConfigurationIsVisible = 0;
			defaultConfigurationName = Release;
		};
		D9C2500A26DD2C2500EC6022 /* Build configuration list for PBXNativeTarget "IoSProjectTests" */ = {
			isa = XCConfigurationList;
			buildConfigurations = (
				D9C2500B26DD2C2500EC6022 /* Debug */,
				D9C2500C26DD2C2500EC6022 /* Release */,
			);
			defaultConfigurationIsVisible = 0;
			defaultConfigurationName = Release;
		};
		D9C2500D26DD2C2500EC6022 /* Build configuration list for PBXNativeTarget "IoSProjectUITests" */ = {
			isa = XCConfigurationList;
			buildConfigurations = (
				D9C2500E26DD2C2500EC6022 /* Debug */,
				D9C2500F26DD2C2500EC6022 /* Release */,
			);
			defaultConfigurationIsVisible = 0;
			defaultConfigurationName = Release;
		};
/* End XCConfigurationList section */
	};
	rootObject = D9C24FD526DD2C2400EC6022 /* Project object */;
}
